// !$*UTF8*$!
{
	archiveVersion = 1;
	classes = {
	};
	objectVersion = 48;
	objects = {

/* Begin PBXBuildFile section */
		0D2F0C281F9553F9004E7450 /* AppDelegate.m in Sources */ = {isa = PBXBuildFile; fileRef = 0D2F0C271F9553F9004E7450 /* AppDelegate.m */; };
		0D2F0C2B1F9553F9004E7450 /* ViewController.m in Sources */ = {isa = PBXBuildFile; fileRef = 0D2F0C2A1F9553F9004E7450 /* ViewController.m */; };
		0D2F0C2E1F9553F9004E7450 /* Main.storyboard in Resources */ = {isa = PBXBuildFile; fileRef = 0D2F0C2C1F9553F9004E7450 /* Main.storyboard */; };
		0D2F0C301F9553F9004E7450 /* Assets.xcassets in Resources */ = {isa = PBXBuildFile; fileRef = 0D2F0C2F1F9553F9004E7450 /* Assets.xcassets */; };
		0D2F0C331F9553F9004E7450 /* LaunchScreen.storyboard in Resources */ = {isa = PBXBuildFile; fileRef = 0D2F0C311F9553F9004E7450 /* LaunchScreen.storyboard */; };
		0D2F0C361F9553F9004E7450 /* main.m in Sources */ = {isa = PBXBuildFile; fileRef = 0D2F0C351F9553F9004E7450 /* main.m */; };
		0D2F0C401F9553F9004E7450 /* scroll_view_image_galleriesTests.m in Sources */ = {isa = PBXBuildFile; fileRef = 0D2F0C3F1F9553F9004E7450 /* scroll_view_image_galleriesTests.m */; };
		0D2F0C4B1F9553F9004E7450 /* scroll_view_image_galleriesUITests.m in Sources */ = {isa = PBXBuildFile; fileRef = 0D2F0C4A1F9553F9004E7450 /* scroll_view_image_galleriesUITests.m */; };
		0D2F0C611F959E6D004E7450 /* SecondViewController.m in Sources */ = {isa = PBXBuildFile; fileRef = 0D2F0C601F959E6D004E7450 /* SecondViewController.m */; };
/* End PBXBuildFile section */

/* Begin PBXContainerItemProxy section */
		0D2F0C3C1F9553F9004E7450 /* PBXContainerItemProxy */ = {
			isa = PBXContainerItemProxy;
			containerPortal = 0D2F0C1B1F9553F9004E7450 /* Project object */;
			proxyType = 1;
			remoteGlobalIDString = 0D2F0C221F9553F9004E7450;
			remoteInfo = "scroll-view-image-galleries";
		};
		0D2F0C471F9553F9004E7450 /* PBXContainerItemProxy */ = {
			isa = PBXContainerItemProxy;
			containerPortal = 0D2F0C1B1F9553F9004E7450 /* Project object */;
			proxyType = 1;
			remoteGlobalIDString = 0D2F0C221F9553F9004E7450;
			remoteInfo = "scroll-view-image-galleries";
		};
/* End PBXContainerItemProxy section */

/* Begin PBXFileReference section */
		0D2F0C231F9553F9004E7450 /* scroll-view-image-galleries.app */ = {isa = PBXFileReference; explicitFileType = wrapper.application; includeInIndex = 0; path = "scroll-view-image-galleries.app"; sourceTree = BUILT_PRODUCTS_DIR; };
		0D2F0C261F9553F9004E7450 /* AppDelegate.h */ = {isa = PBXFileReference; lastKnownFileType = sourcecode.c.h; path = AppDelegate.h; sourceTree = "<group>"; };
		0D2F0C271F9553F9004E7450 /* AppDelegate.m */ = {isa = PBXFileReference; lastKnownFileType = sourcecode.c.objc; path = AppDelegate.m; sourceTree = "<group>"; };
		0D2F0C291F9553F9004E7450 /* ViewController.h */ = {isa = PBXFileReference; lastKnownFileType = sourcecode.c.h; path = ViewController.h; sourceTree = "<group>"; };
		0D2F0C2A1F9553F9004E7450 /* ViewController.m */ = {isa = PBXFileReference; lastKnownFileType = sourcecode.c.objc; path = ViewController.m; sourceTree = "<group>"; };
		0D2F0C2D1F9553F9004E7450 /* Base */ = {isa = PBXFileReference; lastKnownFileType = file.storyboard; name = Base; path = Base.lproj/Main.storyboard; sourceTree = "<group>"; };
		0D2F0C2F1F9553F9004E7450 /* Assets.xcassets */ = {isa = PBXFileReference; lastKnownFileType = folder.assetcatalog; path = Assets.xcassets; sourceTree = "<group>"; };
		0D2F0C321F9553F9004E7450 /* Base */ = {isa = PBXFileReference; lastKnownFileType = file.storyboard; name = Base; path = Base.lproj/LaunchScreen.storyboard; sourceTree = "<group>"; };
		0D2F0C341F9553F9004E7450 /* Info.plist */ = {isa = PBXFileReference; lastKnownFileType = text.plist.xml; path = Info.plist; sourceTree = "<group>"; };
		0D2F0C351F9553F9004E7450 /* main.m */ = {isa = PBXFileReference; lastKnownFileType = sourcecode.c.objc; path = main.m; sourceTree = "<group>"; };
		0D2F0C3B1F9553F9004E7450 /* scroll-view-image-galleriesTests.xctest */ = {isa = PBXFileReference; explicitFileType = wrapper.cfbundle; includeInIndex = 0; path = "scroll-view-image-galleriesTests.xctest"; sourceTree = BUILT_PRODUCTS_DIR; };
		0D2F0C3F1F9553F9004E7450 /* scroll_view_image_galleriesTests.m */ = {isa = PBXFileReference; lastKnownFileType = sourcecode.c.objc; path = scroll_view_image_galleriesTests.m; sourceTree = "<group>"; };
		0D2F0C411F9553F9004E7450 /* Info.plist */ = {isa = PBXFileReference; lastKnownFileType = text.plist.xml; path = Info.plist; sourceTree = "<group>"; };
		0D2F0C461F9553F9004E7450 /* scroll-view-image-galleriesUITests.xctest */ = {isa = PBXFileReference; explicitFileType = wrapper.cfbundle; includeInIndex = 0; path = "scroll-view-image-galleriesUITests.xctest"; sourceTree = BUILT_PRODUCTS_DIR; };
		0D2F0C4A1F9553F9004E7450 /* scroll_view_image_galleriesUITests.m */ = {isa = PBXFileReference; lastKnownFileType = sourcecode.c.objc; path = scroll_view_image_galleriesUITests.m; sourceTree = "<group>"; };
		0D2F0C4C1F9553F9004E7450 /* Info.plist */ = {isa = PBXFileReference; lastKnownFileType = text.plist.xml; path = Info.plist; sourceTree = "<group>"; };
		0D2F0C5F1F959E6D004E7450 /* SecondViewController.h */ = {isa = PBXFileReference; lastKnownFileType = sourcecode.c.h; path = SecondViewController.h; sourceTree = "<group>"; };
		0D2F0C601F959E6D004E7450 /* SecondViewController.m */ = {isa = PBXFileReference; lastKnownFileType = sourcecode.c.objc; path = SecondViewController.m; sourceTree = "<group>"; };
/* End PBXFileReference section */

/* Begin PBXFrameworksBuildPhase section */
		0D2F0C201F9553F9004E7450 /* Frameworks */ = {
			isa = PBXFrameworksBuildPhase;
			buildActionMask = 2147483647;
			files = (
			);
			runOnlyForDeploymentPostprocessing = 0;
		};
		0D2F0C381F9553F9004E7450 /* Frameworks */ = {
			isa = PBXFrameworksBuildPhase;
			buildActionMask = 2147483647;
			files = (
			);
			runOnlyForDeploymentPostprocessing = 0;
		};
		0D2F0C431F9553F9004E7450 /* Frameworks */ = {
			isa = PBXFrameworksBuildPhase;
			buildActionMask = 2147483647;
			files = (
			);
			runOnlyForDeploymentPostprocessing = 0;
		};
/* End PBXFrameworksBuildPhase section */

/* Begin PBXGroup section */
		0D2F0C1A1F9553F9004E7450 = {
			isa = PBXGroup;
			children = (
				0D2F0C251F9553F9004E7450 /* scroll-view-image-galleries */,
				0D2F0C3E1F9553F9004E7450 /* scroll-view-image-galleriesTests */,
				0D2F0C491F9553F9004E7450 /* scroll-view-image-galleriesUITests */,
				0D2F0C241F9553F9004E7450 /* Products */,
			);
			sourceTree = "<group>";
		};
		0D2F0C241F9553F9004E7450 /* Products */ = {
			isa = PBXGroup;
			children = (
				0D2F0C231F9553F9004E7450 /* scroll-view-image-galleries.app */,
				0D2F0C3B1F9553F9004E7450 /* scroll-view-image-galleriesTests.xctest */,
				0D2F0C461F9553F9004E7450 /* scroll-view-image-galleriesUITests.xctest */,
			);
			name = Products;
			sourceTree = "<group>";
		};
		0D2F0C251F9553F9004E7450 /* scroll-view-image-galleries */ = {
			isa = PBXGroup;
			children = (
				0D2F0C261F9553F9004E7450 /* AppDelegate.h */,
				0D2F0C271F9553F9004E7450 /* AppDelegate.m */,
				0D2F0C291F9553F9004E7450 /* ViewController.h */,
				0D2F0C2A1F9553F9004E7450 /* ViewController.m */,
				0D2F0C5F1F959E6D004E7450 /* SecondViewController.h */,
				0D2F0C601F959E6D004E7450 /* SecondViewController.m */,
				0D2F0C2C1F9553F9004E7450 /* Main.storyboard */,
				0D2F0C2F1F9553F9004E7450 /* Assets.xcassets */,
				0D2F0C311F9553F9004E7450 /* LaunchScreen.storyboard */,
				0D2F0C341F9553F9004E7450 /* Info.plist */,
				0D2F0C351F9553F9004E7450 /* main.m */,
			);
			path = "scroll-view-image-galleries";
			sourceTree = "<group>";
		};
		0D2F0C3E1F9553F9004E7450 /* scroll-view-image-galleriesTests */ = {
			isa = PBXGroup;
			children = (
				0D2F0C3F1F9553F9004E7450 /* scroll_view_image_galleriesTests.m */,
				0D2F0C411F9553F9004E7450 /* Info.plist */,
			);
			path = "scroll-view-image-galleriesTests";
			sourceTree = "<group>";
		};
		0D2F0C491F9553F9004E7450 /* scroll-view-image-galleriesUITests */ = {
			isa = PBXGroup;
			children = (
				0D2F0C4A1F9553F9004E7450 /* scroll_view_image_galleriesUITests.m */,
				0D2F0C4C1F9553F9004E7450 /* Info.plist */,
			);
			path = "scroll-view-image-galleriesUITests";
			sourceTree = "<group>";
		};
/* End PBXGroup section */

/* Begin PBXNativeTarget section */
		0D2F0C221F9553F9004E7450 /* scroll-view-image-galleries */ = {
			isa = PBXNativeTarget;
			buildConfigurationList = 0D2F0C4F1F9553F9004E7450 /* Build configuration list for PBXNativeTarget "scroll-view-image-galleries" */;
			buildPhases = (
				0D2F0C1F1F9553F9004E7450 /* Sources */,
				0D2F0C201F9553F9004E7450 /* Frameworks */,
				0D2F0C211F9553F9004E7450 /* Resources */,
			);
			buildRules = (
			);
			dependencies = (
			);
			name = "scroll-view-image-galleries";
			productName = "scroll-view-image-galleries";
			productReference = 0D2F0C231F9553F9004E7450 /* scroll-view-image-galleries.app */;
			productType = "com.apple.product-type.application";
		};
		0D2F0C3A1F9553F9004E7450 /* scroll-view-image-galleriesTests */ = {
			isa = PBXNativeTarget;
			buildConfigurationList = 0D2F0C521F9553F9004E7450 /* Build configuration list for PBXNativeTarget "scroll-view-image-galleriesTests" */;
			buildPhases = (
				0D2F0C371F9553F9004E7450 /* Sources */,
				0D2F0C381F9553F9004E7450 /* Frameworks */,
				0D2F0C391F9553F9004E7450 /* Resources */,
			);
			buildRules = (
			);
			dependencies = (
				0D2F0C3D1F9553F9004E7450 /* PBXTargetDependency */,
			);
			name = "scroll-view-image-galleriesTests";
			productName = "scroll-view-image-galleriesTests";
			productReference = 0D2F0C3B1F9553F9004E7450 /* scroll-view-image-galleriesTests.xctest */;
			productType = "com.apple.product-type.bundle.unit-test";
		};
		0D2F0C451F9553F9004E7450 /* scroll-view-image-galleriesUITests */ = {
			isa = PBXNativeTarget;
			buildConfigurationList = 0D2F0C551F9553F9004E7450 /* Build configuration list for PBXNativeTarget "scroll-view-image-galleriesUITests" */;
			buildPhases = (
				0D2F0C421F9553F9004E7450 /* Sources */,
				0D2F0C431F9553F9004E7450 /* Frameworks */,
				0D2F0C441F9553F9004E7450 /* Resources */,
			);
			buildRules = (
			);
			dependencies = (
				0D2F0C481F9553F9004E7450 /* PBXTargetDependency */,
			);
			name = "scroll-view-image-galleriesUITests";
			productName = "scroll-view-image-galleriesUITests";
			productReference = 0D2F0C461F9553F9004E7450 /* scroll-view-image-galleriesUITests.xctest */;
			productType = "com.apple.product-type.bundle.ui-testing";
		};
/* End PBXNativeTarget section */

/* Begin PBXProject section */
		0D2F0C1B1F9553F9004E7450 /* Project object */ = {
			isa = PBXProject;
			attributes = {
				LastUpgradeCheck = 0900;
				ORGANIZATIONNAME = "Mar Koss";
				TargetAttributes = {
					0D2F0C221F9553F9004E7450 = {
						CreatedOnToolsVersion = 9.0;
						ProvisioningStyle = Automatic;
					};
					0D2F0C3A1F9553F9004E7450 = {
						CreatedOnToolsVersion = 9.0;
						ProvisioningStyle = Automatic;
						TestTargetID = 0D2F0C221F9553F9004E7450;
					};
					0D2F0C451F9553F9004E7450 = {
						CreatedOnToolsVersion = 9.0;
						ProvisioningStyle = Automatic;
						TestTargetID = 0D2F0C221F9553F9004E7450;
					};
				};
			};
			buildConfigurationList = 0D2F0C1E1F9553F9004E7450 /* Build configuration list for PBXProject "scroll-view-image-galleries" */;
			compatibilityVersion = "Xcode 8.0";
			developmentRegion = en;
			hasScannedForEncodings = 0;
			knownRegions = (
				en,
				Base,
			);
			mainGroup = 0D2F0C1A1F9553F9004E7450;
			productRefGroup = 0D2F0C241F9553F9004E7450 /* Products */;
			projectDirPath = "";
			projectRoot = "";
			targets = (
				0D2F0C221F9553F9004E7450 /* scroll-view-image-galleries */,
				0D2F0C3A1F9553F9004E7450 /* scroll-view-image-galleriesTests */,
				0D2F0C451F9553F9004E7450 /* scroll-view-image-galleriesUITests */,
			);
		};
/* End PBXProject section */

/* Begin PBXResourcesBuildPhase section */
		0D2F0C211F9553F9004E7450 /* Resources */ = {
			isa = PBXResourcesBuildPhase;
			buildActionMask = 2147483647;
			files = (
				0D2F0C331F9553F9004E7450 /* LaunchScreen.storyboard in Resources */,
				0D2F0C301F9553F9004E7450 /* Assets.xcassets in Resources */,
				0D2F0C2E1F9553F9004E7450 /* Main.storyboard in Resources */,
			);
			runOnlyForDeploymentPostprocessing = 0;
		};
		0D2F0C391F9553F9004E7450 /* Resources */ = {
			isa = PBXResourcesBuildPhase;
			buildActionMask = 2147483647;
			files = (
			);
			runOnlyForDeploymentPostprocessing = 0;
		};
		0D2F0C441F9553F9004E7450 /* Resources */ = {
			isa = PBXResourcesBuildPhase;
			buildActionMask = 2147483647;
			files = (
			);
			runOnlyForDeploymentPostprocessing = 0;
		};
/* End PBXResourcesBuildPhase section */

/* Begin PBXSourcesBuildPhase section */
		0D2F0C1F1F9553F9004E7450 /* Sources */ = {
			isa = PBXSourcesBuildPhase;
			buildActionMask = 2147483647;
			files = (
				0D2F0C611F959E6D004E7450 /* SecondViewController.m in Sources */,
				0D2F0C2B1F9553F9004E7450 /* ViewController.m in Sources */,
				0D2F0C361F9553F9004E7450 /* main.m in Sources */,
				0D2F0C281F9553F9004E7450 /* AppDelegate.m in Sources */,
			);
			runOnlyForDeploymentPostprocessing = 0;
		};
		0D2F0C371F9553F9004E7450 /* Sources */ = {
			isa = PBXSourcesBuildPhase;
			buildActionMask = 2147483647;
			files = (
				0D2F0C401F9553F9004E7450 /* scroll_view_image_galleriesTests.m in Sources */,
			);
			runOnlyForDeploymentPostprocessing = 0;
		};
		0D2F0C421F9553F9004E7450 /* Sources */ = {
			isa = PBXSourcesBuildPhase;
			buildActionMask = 2147483647;
			files = (
				0D2F0C4B1F9553F9004E7450 /* scroll_view_image_galleriesUITests.m in Sources */,
			);
			runOnlyForDeploymentPostprocessing = 0;
		};
/* End PBXSourcesBuildPhase section */

/* Begin PBXTargetDependency section */
		0D2F0C3D1F9553F9004E7450 /* PBXTargetDependency */ = {
			isa = PBXTargetDependency;
			target = 0D2F0C221F9553F9004E7450 /* scroll-view-image-galleries */;
			targetProxy = 0D2F0C3C1F9553F9004E7450 /* PBXContainerItemProxy */;
		};
		0D2F0C481F9553F9004E7450 /* PBXTargetDependency */ = {
			isa = PBXTargetDependency;
			target = 0D2F0C221F9553F9004E7450 /* scroll-view-image-galleries */;
			targetProxy = 0D2F0C471F9553F9004E7450 /* PBXContainerItemProxy */;
		};
/* End PBXTargetDependency section */

/* Begin PBXVariantGroup section */
		0D2F0C2C1F9553F9004E7450 /* Main.storyboard */ = {
			isa = PBXVariantGroup;
			children = (
				0D2F0C2D1F9553F9004E7450 /* Base */,
			);
			name = Main.storyboard;
			sourceTree = "<group>";
		};
		0D2F0C311F9553F9004E7450 /* LaunchScreen.storyboard */ = {
			isa = PBXVariantGroup;
			children = (
				0D2F0C321F9553F9004E7450 /* Base */,
			);
			name = LaunchScreen.storyboard;
			sourceTree = "<group>";
		};
/* End PBXVariantGroup section */

/* Begin XCBuildConfiguration section */
		0D2F0C4D1F9553F9004E7450 /* Debug */ = {
			isa = XCBuildConfiguration;
			buildSettings = {
				ALWAYS_SEARCH_USER_PATHS = NO;
				CLANG_ANALYZER_NONNULL = YES;
				CLANG_ANALYZER_NUMBER_OBJECT_CONVERSION = YES_AGGRESSIVE;
				CLANG_CXX_LANGUAGE_STANDARD = "gnu++14";
				CLANG_CXX_LIBRARY = "libc++";
				CLANG_ENABLE_MODULES = YES;
				CLANG_ENABLE_OBJC_ARC = YES;
				CLANG_WARN_BLOCK_CAPTURE_AUTORELEASING = YES;
				CLANG_WARN_BOOL_CONVERSION = YES;
				CLANG_WARN_COMMA = YES;
				CLANG_WARN_CONSTANT_CONVERSION = YES;
				CLANG_WARN_DIRECT_OBJC_ISA_USAGE = YES_ERROR;
				CLANG_WARN_DOCUMENTATION_COMMENTS = YES;
				CLANG_WARN_EMPTY_BODY = YES;
				CLANG_WARN_ENUM_CONVERSION = YES;
				CLANG_WARN_INFINITE_RECURSION = YES;
				CLANG_WARN_INT_CONVERSION = YES;
				CLANG_WARN_NON_LITERAL_NULL_CONVERSION = YES;
				CLANG_WARN_OBJC_LITERAL_CONVERSION = YES;
				CLANG_WARN_OBJC_ROOT_CLASS = YES_ERROR;
				CLANG_WARN_RANGE_LOOP_ANALYSIS = YES;
				CLANG_WARN_STRICT_PROTOTYPES = YES;
				CLANG_WARN_SUSPICIOUS_MOVE = YES;
				CLANG_WARN_UNGUARDED_AVAILABILITY = YES_AGGRESSIVE;
				CLANG_WARN_UNREACHABLE_CODE = YES;
				CLANG_WARN__DUPLICATE_METHOD_MATCH = YES;
				CODE_SIGN_IDENTITY = "iPhone Developer";
				COPY_PHASE_STRIP = NO;
				DEBUG_INFORMATION_FORMAT = dwarf;
				ENABLE_STRICT_OBJC_MSGSEND = YES;
				ENABLE_TESTABILITY = YES;
				GCC_C_LANGUAGE_STANDARD = gnu11;
				GCC_DYNAMIC_NO_PIC = NO;
				GCC_NO_COMMON_BLOCKS = YES;
				GCC_OPTIMIZATION_LEVEL = 0;
				GCC_PREPROCESSOR_DEFINITIONS = (
					"DEBUG=1",
					"$(inherited)",
				);
				GCC_WARN_64_TO_32_BIT_CONVERSION = YES;
				GCC_WARN_ABOUT_RETURN_TYPE = YES_ERROR;
				GCC_WARN_UNDECLARED_SELECTOR = YES;
				GCC_WARN_UNINITIALIZED_AUTOS = YES_AGGRESSIVE;
				GCC_WARN_UNUSED_FUNCTION = YES;
				GCC_WARN_UNUSED_VARIABLE = YES;
				IPHONEOS_DEPLOYMENT_TARGET = 11.0;
				MTL_ENABLE_DEBUG_INFO = YES;
				ONLY_ACTIVE_ARCH = YES;
				SDKROOT = iphoneos;
			};
			name = Debug;
		};
		0D2F0C4E1F9553F9004E7450 /* Release */ = {
			isa = XCBuildConfiguration;
			buildSettings = {
				ALWAYS_SEARCH_USER_PATHS = NO;
				CLANG_ANALYZER_NONNULL = YES;
				CLANG_ANALYZER_NUMBER_OBJECT_CONVERSION = YES_AGGRESSIVE;
				CLANG_CXX_LANGUAGE_STANDARD = "gnu++14";
				CLANG_CXX_LIBRARY = "libc++";
				CLANG_ENABLE_MODULES = YES;
				CLANG_ENABLE_OBJC_ARC = YES;
				CLANG_WARN_BLOCK_CAPTURE_AUTORELEASING = YES;
				CLANG_WARN_BOOL_CONVERSION = YES;
				CLANG_WARN_COMMA = YES;
				CLANG_WARN_CONSTANT_CONVERSION = YES;
				CLANG_WARN_DIRECT_OBJC_ISA_USAGE = YES_ERROR;
				CLANG_WARN_DOCUMENTATION_COMMENTS = YES;
				CLANG_WARN_EMPTY_BODY = YES;
				CLANG_WARN_ENUM_CONVERSION = YES;
				CLANG_WARN_INFINITE_RECURSION = YES;
				CLANG_WARN_INT_CONVERSION = YES;
				CLANG_WARN_NON_LITERAL_NULL_CONVERSION = YES;
				CLANG_WARN_OBJC_LITERAL_CONVERSION = YES;
				CLANG_WARN_OBJC_ROOT_CLASS = YES_ERROR;
				CLANG_WARN_RANGE_LOOP_ANALYSIS = YES;
				CLANG_WARN_STRICT_PROTOTYPES = YES;
				CLANG_WARN_SUSPICIOUS_MOVE = YES;
				CLANG_WARN_UNGUARDED_AVAILABILITY = YES_AGGRESSIVE;
				CLANG_WARN_UNREACHABLE_CODE = YES;
				CLANG_WARN__DUPLICATE_METHOD_MATCH = YES;
				CODE_SIGN_IDENTITY = "iPhone Developer";
				COPY_PHASE_STRIP = NO;
				DEBUG_INFORMATION_FORMAT = "dwarf-with-dsym";
				ENABLE_NS_ASSERTIONS = NO;
				ENABLE_STRICT_OBJC_MSGSEND = YES;
				GCC_C_LANGUAGE_STANDARD = gnu11;
				GCC_NO_COMMON_BLOCKS = YES;
				GCC_WARN_64_TO_32_BIT_CONVERSION = YES;
				GCC_WARN_ABOUT_RETURN_TYPE = YES_ERROR;
				GCC_WARN_UNDECLARED_SELECTOR = YES;
				GCC_WARN_UNINITIALIZED_AUTOS = YES_AGGRESSIVE;
				GCC_WARN_UNUSED_FUNCTION = YES;
				GCC_WARN_UNUSED_VARIABLE = YES;
				IPHONEOS_DEPLOYMENT_TARGET = 11.0;
				MTL_ENABLE_DEBUG_INFO = NO;
				SDKROOT = iphoneos;
				VALIDATE_PRODUCT = YES;
			};
			name = Release;
		};
		0D2F0C501F9553F9004E7450 /* Debug */ = {
			isa = XCBuildConfiguration;
			buildSettings = {
				ASSETCATALOG_COMPILER_APPICON_NAME = AppIcon;
				CODE_SIGN_STYLE = Automatic;
				INFOPLIST_FILE = "scroll-view-image-galleries/Info.plist";
				LD_RUNPATH_SEARCH_PATHS = "$(inherited) @executable_path/Frameworks";
				PRODUCT_BUNDLE_IDENTIFIER = "com.markoss.scroll-view-image-galleries";
				PRODUCT_NAME = "$(TARGET_NAME)";
				TARGETED_DEVICE_FAMILY = "1,2";
			};
			name = Debug;
		};
		0D2F0C511F9553F9004E7450 /* Release */ = {
			isa = XCBuildConfiguration;
			buildSettings = {
				ASSETCATALOG_COMPILER_APPICON_NAME = AppIcon;
				CODE_SIGN_STYLE = Automatic;
				INFOPLIST_FILE = "scroll-view-image-galleries/Info.plist";
				LD_RUNPATH_SEARCH_PATHS = "$(inherited) @executable_path/Frameworks";
				PRODUCT_BUNDLE_IDENTIFIER = "com.markoss.scroll-view-image-galleries";
				PRODUCT_NAME = "$(TARGET_NAME)";
				TARGETED_DEVICE_FAMILY = "1,2";
			};
			name = Release;
		};
		0D2F0C531F9553F9004E7450 /* Debug */ = {
			isa = XCBuildConfiguration;
			buildSettings = {
				BUNDLE_LOADER = "$(TEST_HOST)";
				CODE_SIGN_STYLE = Automatic;
				INFOPLIST_FILE = "scroll-view-image-galleriesTests/Info.plist";
				LD_RUNPATH_SEARCH_PATHS = "$(inherited) @executable_path/Frameworks @loader_path/Frameworks";
				PRODUCT_BUNDLE_IDENTIFIER = "com.markoss.scroll-view-image-galleriesTests";
				PRODUCT_NAME = "$(TARGET_NAME)";
				TARGETED_DEVICE_FAMILY = "1,2";
				TEST_HOST = "$(BUILT_PRODUCTS_DIR)/scroll-view-image-galleries.app/scroll-view-image-galleries";
			};
			name = Debug;
		};
		0D2F0C541F9553F9004E7450 /* Release */ = {
			isa = XCBuildConfiguration;
			buildSettings = {
				BUNDLE_LOADER = "$(TEST_HOST)";
				CODE_SIGN_STYLE = Automatic;
				INFOPLIST_FILE = "scroll-view-image-galleriesTests/Info.plist";
				LD_RUNPATH_SEARCH_PATHS = "$(inherited) @executable_path/Frameworks @loader_path/Frameworks";
				PRODUCT_BUNDLE_IDENTIFIER = "com.markoss.scroll-view-image-galleriesTests";
				PRODUCT_NAME = "$(TARGET_NAME)";
				TARGETED_DEVICE_FAMILY = "1,2";
				TEST_HOST = "$(BUILT_PRODUCTS_DIR)/scroll-view-image-galleries.app/scroll-view-image-galleries";
			};
			name = Release;
		};
		0D2F0C561F9553F9004E7450 /* Debug */ = {
			isa = XCBuildConfiguration;
			buildSettings = {
				CODE_SIGN_STYLE = Automatic;
				INFOPLIST_FILE = "scroll-view-image-galleriesUITests/Info.plist";
				LD_RUNPATH_SEARCH_PATHS = "$(inherited) @executable_path/Frameworks @loader_path/Frameworks";
				PRODUCT_BUNDLE_IDENTIFIER = "com.markoss.scroll-view-image-galleriesUITests";
				PRODUCT_NAME = "$(TARGET_NAME)";
				TARGETED_DEVICE_FAMILY = "1,2";
				TEST_TARGET_NAME = "scroll-view-image-galleries";
			};
			name = Debug;
		};
		0D2F0C571F9553F9004E7450 /* Release */ = {
			isa = XCBuildConfiguration;
			buildSettings = {
				CODE_SIGN_STYLE = Automatic;
				INFOPLIST_FILE = "scroll-view-image-galleriesUITests/Info.plist";
				LD_RUNPATH_SEARCH_PATHS = "$(inherited) @executable_path/Frameworks @loader_path/Frameworks";
				PRODUCT_BUNDLE_IDENTIFIER = "com.markoss.scroll-view-image-galleriesUITests";
				PRODUCT_NAME = "$(TARGET_NAME)";
				TARGETED_DEVICE_FAMILY = "1,2";
				TEST_TARGET_NAME = "scroll-view-image-galleries";
			};
			name = Release;
		};
/* End XCBuildConfiguration section */

/* Begin XCConfigurationList section */
		0D2F0C1E1F9553F9004E7450 /* Build configuration list for PBXProject "scroll-view-image-galleries" */ = {
			isa = XCConfigurationList;
			buildConfigurations = (
				0D2F0C4D1F9553F9004E7450 /* Debug */,
				0D2F0C4E1F9553F9004E7450 /* Release */,
			);
			defaultConfigurationIsVisible = 0;
			defaultConfigurationName = Release;
		};
		0D2F0C4F1F9553F9004E7450 /* Build configuration list for PBXNativeTarget "scroll-view-image-galleries" */ = {
			isa = XCConfigurationList;
			buildConfigurations = (
				0D2F0C501F9553F9004E7450 /* Debug */,
				0D2F0C511F9553F9004E7450 /* Release */,
			);
			defaultConfigurationIsVisible = 0;
			defaultConfigurationName = Release;
		};
		0D2F0C521F9553F9004E7450 /* Build configuration list for PBXNativeTarget "scroll-view-image-galleriesTests" */ = {
			isa = XCConfigurationList;
			buildConfigurations = (
				0D2F0C531F9553F9004E7450 /* Debug */,
				0D2F0C541F9553F9004E7450 /* Release */,
			);
			defaultConfigurationIsVisible = 0;
			defaultConfigurationName = Release;
		};
		0D2F0C551F9553F9004E7450 /* Build configuration list for PBXNativeTarget "scroll-view-image-galleriesUITests" */ = {
			isa = XCConfigurationList;
			buildConfigurations = (
				0D2F0C561F9553F9004E7450 /* Debug */,
				0D2F0C571F9553F9004E7450 /* Release */,
			);
			defaultConfigurationIsVisible = 0;
			defaultConfigurationName = Release;
		};
/* End XCConfigurationList section */
	};
	rootObject = 0D2F0C1B1F9553F9004E7450 /* Project object */;
}
